
Microsoft Visual Studio Solution File, Format Version 12.00
# Visual Studio Version 17
VisualStudioVersion = 17.9.34607.119
MinimumVisualStudioVersion = 10.0.40219.1
Project("{2150E333-8FDC-42A3-9474-1A3956D46DE8}") = "Chapter01", "Chapter01", "{E3385A55-CD76-458D-B26E-7C9AA250760B}"
EndProject
Project("{FAE04EC0-301F-11D3-BF4B-00C04F79EFBC}") = "ProductSample", "Chapter01\ProductSample\ProductSample.csproj", "{644846F4-FF4A-4EA7-8C16-4B47A447417A}"
EndProject
Project("{FAE04EC0-301F-11D3-BF4B-00C04F79EFBC}") = "Sample_p38", "Chapter01\Sample_p38\Sample_p38.csproj", "{45F63FC8-EDFE-4287-8B2D-C93017CD6BC7}"
EndProject
Project("{2150E333-8FDC-42A3-9474-1A3956D46DE8}") = "Chapter02", "Chapter02", "{FB73DCC2-1EAD-42E7-B2B9-EA43ADE7808D}"
EndProject
Project("{2150E333-8FDC-42A3-9474-1A3956D46DE8}") = "距離換算プログラム", "距離換算プログラム", "{C5BB4EC7-C67D-49CE-BA3B-025AF99CB002}"
EndProject
Project("{FAE04EC0-301F-11D3-BF4B-00C04F79EFBC}") = "DistanceConverter", "Chapter02\DistanceConverter\DistanceConverter.csproj", "{F2BCC95C-92E1-47DA-A920-81CD1E8E1CFA}"
EndProject
Project("{2150E333-8FDC-42A3-9474-1A3956D46DE8}") = "売り上げ集計プログラム", "売り上げ集計プログラム", "{7851D85E-D18A-4D0B-ACC3-3ECB7D439E1C}"
EndProject
Project("{FAE04EC0-301F-11D3-BF4B-00C04F79EFBC}") = "SalesCounter", "Chapter02\SalesCounter\SalesCounter.csproj", "{5FBF9558-5054-4D21-92EA-F35D8A9D6EF0}"
EndProject
Project("{2150E333-8FDC-42A3-9474-1A3956D46DE8}") = "#演習問題", "#演習問題", "{A115E133-5749-4B67-B7AB-09DE92A9E83A}"
EndProject
Project("{FAE04EC0-301F-11D3-BF4B-00C04F79EFBC}") = "Exercise1", "Chapter02\演習問題\Exercise1\Exercise1.csproj", "{A5151085-1048-44E1-BEC8-0EF4F1FA796A}"
EndProject
Project("{FAE04EC0-301F-11D3-BF4B-00C04F79EFBC}") = "Exercise2", "Chapter02\演習問題\Exercise2\Exercise2.csproj", "{726BF82C-964F-449B-BF2C-77CBA0A68F32}"
EndProject
Project("{2150E333-8FDC-42A3-9474-1A3956D46DE8}") = "FormApps", "FormApps", "{4E76D32A-3B09-4EB9-90F5-176C3D0AF8BE}"
EndProject
Project("{9A19103F-16F7-4668-BE54-9A1E7A4F7556}") = "BallApp", "FormApps\BallApp\BallApp.csproj", "{148A61F7-2AB3-46EA-9ED4-F0FA31A132CE}"
EndProject
Project("{2150E333-8FDC-42A3-9474-1A3956D46DE8}") = "Chapter03", "Chapter03", "{F161224B-28EA-4EF9-A199-190DCE66578F}"
EndProject
Project("{FAE04EC0-301F-11D3-BF4B-00C04F79EFBC}") = "Section01", "Chapter03\Section01\Section01.csproj", "{0CBB8437-7631-45F5-BC65-5EF475E8C598}"
EndProject
Project("{2150E333-8FDC-42A3-9474-1A3956D46DE8}") = "演習問題", "演習問題", "{57E8916B-095C-473C-850E-AF3C980C2304}"
EndProject
Project("{FAE04EC0-301F-11D3-BF4B-00C04F79EFBC}") = "Exercise01", "Chapter03\演習問題\Exercise01\Exercise01.csproj", "{F6FC1B83-4137-4AB3-8CE5-159A82EAA36D}"
EndProject
Project("{FAE04EC0-301F-11D3-BF4B-00C04F79EFBC}") = "Exercise02", "Chapter03\演習問題\Exercise02\Exercise02.csproj", "{4A6D8A3C-8C49-4699-A468-2C8FDB912AE4}"
EndProject
Project("{2150E333-8FDC-42A3-9474-1A3956D46DE8}") = "Chapter04", "Chapter04", "{625F15D5-220B-4CDC-B1CD-7D02DB752181}"
EndProject
Project("{FAE04EC0-301F-11D3-BF4B-00C04F79EFBC}") = "Section01", "Chapter04\Section01\Section01.csproj", "{F2955541-1C4A-4DD6-A138-59A5EAA6E586}"
EndProject
Global
	GlobalSection(SolutionConfigurationPlatforms) = preSolution
		Debug|Any CPU = Debug|Any CPU
		Release|Any CPU = Release|Any CPU
	EndGlobalSection
	GlobalSection(ProjectConfigurationPlatforms) = postSolution
		{644846F4-FF4A-4EA7-8C16-4B47A447417A}.Debug|Any CPU.ActiveCfg = Debug|Any CPU
		{644846F4-FF4A-4EA7-8C16-4B47A447417A}.Debug|Any CPU.Build.0 = Debug|Any CPU
		{644846F4-FF4A-4EA7-8C16-4B47A447417A}.Release|Any CPU.ActiveCfg = Release|Any CPU
		{644846F4-FF4A-4EA7-8C16-4B47A447417A}.Release|Any CPU.Build.0 = Release|Any CPU
		{45F63FC8-EDFE-4287-8B2D-C93017CD6BC7}.Debug|Any CPU.ActiveCfg = Debug|Any CPU
		{45F63FC8-EDFE-4287-8B2D-C93017CD6BC7}.Debug|Any CPU.Build.0 = Debug|Any CPU
		{45F63FC8-EDFE-4287-8B2D-C93017CD6BC7}.Release|Any CPU.ActiveCfg = Release|Any CPU
		{45F63FC8-EDFE-4287-8B2D-C93017CD6BC7}.Release|Any CPU.Build.0 = Release|Any CPU
		{F2BCC95C-92E1-47DA-A920-81CD1E8E1CFA}.Debug|Any CPU.ActiveCfg = Debug|Any CPU
		{F2BCC95C-92E1-47DA-A920-81CD1E8E1CFA}.Debug|Any CPU.Build.0 = Debug|Any CPU
		{F2BCC95C-92E1-47DA-A920-81CD1E8E1CFA}.Release|Any CPU.ActiveCfg = Release|Any CPU
		{F2BCC95C-92E1-47DA-A920-81CD1E8E1CFA}.Release|Any CPU.Build.0 = Release|Any CPU
		{5FBF9558-5054-4D21-92EA-F35D8A9D6EF0}.Debug|Any CPU.ActiveCfg = Debug|Any CPU
		{5FBF9558-5054-4D21-92EA-F35D8A9D6EF0}.Debug|Any CPU.Build.0 = Debug|Any CPU
		{5FBF9558-5054-4D21-92EA-F35D8A9D6EF0}.Release|Any CPU.ActiveCfg = Release|Any CPU
		{5FBF9558-5054-4D21-92EA-F35D8A9D6EF0}.Release|Any CPU.Build.0 = Release|Any CPU
		{A5151085-1048-44E1-BEC8-0EF4F1FA796A}.Debug|Any CPU.ActiveCfg = Debug|Any CPU
		{A5151085-1048-44E1-BEC8-0EF4F1FA796A}.Debug|Any CPU.Build.0 = Debug|Any CPU
		{A5151085-1048-44E1-BEC8-0EF4F1FA796A}.Release|Any CPU.ActiveCfg = Release|Any CPU
		{A5151085-1048-44E1-BEC8-0EF4F1FA796A}.Release|Any CPU.Build.0 = Release|Any CPU
		{726BF82C-964F-449B-BF2C-77CBA0A68F32}.Debug|Any CPU.ActiveCfg = Debug|Any CPU
		{726BF82C-964F-449B-BF2C-77CBA0A68F32}.Debug|Any CPU.Build.0 = Debug|Any CPU
		{726BF82C-964F-449B-BF2C-77CBA0A68F32}.Release|Any CPU.ActiveCfg = Release|Any CPU
		{726BF82C-964F-449B-BF2C-77CBA0A68F32}.Release|Any CPU.Build.0 = Release|Any CPU
		{148A61F7-2AB3-46EA-9ED4-F0FA31A132CE}.Debug|Any CPU.ActiveCfg = Debug|Any CPU
		{148A61F7-2AB3-46EA-9ED4-F0FA31A132CE}.Debug|Any CPU.Build.0 = Debug|Any CPU
		{148A61F7-2AB3-46EA-9ED4-F0FA31A132CE}.Release|Any CPU.ActiveCfg = Release|Any CPU
		{148A61F7-2AB3-46EA-9ED4-F0FA31A132CE}.Release|Any CPU.Build.0 = Release|Any CPU
		{0CBB8437-7631-45F5-BC65-5EF475E8C598}.Debug|Any CPU.ActiveCfg = Debug|Any CPU
		{0CBB8437-7631-45F5-BC65-5EF475E8C598}.Debug|Any CPU.Build.0 = Debug|Any CPU
		{0CBB8437-7631-45F5-BC65-5EF475E8C598}.Release|Any CPU.ActiveCfg = Release|Any CPU
		{0CBB8437-7631-45F5-BC65-5EF475E8C598}.Release|Any CPU.Build.0 = Release|Any CPU
		{F6FC1B83-4137-4AB3-8CE5-159A82EAA36D}.Debug|Any CPU.ActiveCfg = Debug|Any CPU
		{F6FC1B83-4137-4AB3-8CE5-159A82EAA36D}.Debug|Any CPU.Build.0 = Debug|Any CPU
		{F6FC1B83-4137-4AB3-8CE5-159A82EAA36D}.Release|Any CPU.ActiveCfg = Release|Any CPU
		{F6FC1B83-4137-4AB3-8CE5-159A82EAA36D}.Release|Any CPU.Build.0 = Release|Any CPU
		{4A6D8A3C-8C49-4699-A468-2C8FDB912AE4}.Debug|Any CPU.ActiveCfg = Debug|Any CPU
		{4A6D8A3C-8C49-4699-A468-2C8FDB912AE4}.Debug|Any CPU.Build.0 = Debug|Any CPU
		{4A6D8A3C-8C49-4699-A468-2C8FDB912AE4}.Release|Any CPU.ActiveCfg = Release|Any CPU
		{4A6D8A3C-8C49-4699-A468-2C8FDB912AE4}.Release|Any CPU.Build.0 = Release|Any CPU
		{F2955541-1C4A-4DD6-A138-59A5EAA6E586}.Debug|Any CPU.ActiveCfg = Debug|Any CPU
		{F2955541-1C4A-4DD6-A138-59A5EAA6E586}.Debug|Any CPU.Build.0 = Debug|Any CPU
		{F2955541-1C4A-4DD6-A138-59A5EAA6E586}.Release|Any CPU.ActiveCfg = Release|Any CPU
		{F2955541-1C4A-4DD6-A138-59A5EAA6E586}.Release|Any CPU.Build.0 = Release|Any CPU
	EndGlobalSection
	GlobalSection(SolutionProperties) = preSolution
		HideSolutionNode = FALSE
	EndGlobalSection
	GlobalSection(NestedProjects) = preSolution
		{644846F4-FF4A-4EA7-8C16-4B47A447417A} = {E3385A55-CD76-458D-B26E-7C9AA250760B}
		{45F63FC8-EDFE-4287-8B2D-C93017CD6BC7} = {E3385A55-CD76-458D-B26E-7C9AA250760B}
		{C5BB4EC7-C67D-49CE-BA3B-025AF99CB002} = {FB73DCC2-1EAD-42E7-B2B9-EA43ADE7808D}
		{F2BCC95C-92E1-47DA-A920-81CD1E8E1CFA} = {C5BB4EC7-C67D-49CE-BA3B-025AF99CB002}
		{7851D85E-D18A-4D0B-ACC3-3ECB7D439E1C} = {FB73DCC2-1EAD-42E7-B2B9-EA43ADE7808D}
		{5FBF9558-5054-4D21-92EA-F35D8A9D6EF0} = {7851D85E-D18A-4D0B-ACC3-3ECB7D439E1C}
		{A115E133-5749-4B67-B7AB-09DE92A9E83A} = {FB73DCC2-1EAD-42E7-B2B9-EA43ADE7808D}
		{A5151085-1048-44E1-BEC8-0EF4F1FA796A} = {A115E133-5749-4B67-B7AB-09DE92A9E83A}
		{726BF82C-964F-449B-BF2C-77CBA0A68F32} = {A115E133-5749-4B67-B7AB-09DE92A9E83A}
		{148A61F7-2AB3-46EA-9ED4-F0FA31A132CE} = {4E76D32A-3B09-4EB9-90F5-176C3D0AF8BE}
		{0CBB8437-7631-45F5-BC65-5EF475E8C598} = {F161224B-28EA-4EF9-A199-190DCE66578F}
		{57E8916B-095C-473C-850E-AF3C980C2304} = {F161224B-28EA-4EF9-A199-190DCE66578F}
		{F6FC1B83-4137-4AB3-8CE5-159A82EAA36D} = {57E8916B-095C-473C-850E-AF3C980C2304}
		{4A6D8A3C-8C49-4699-A468-2C8FDB912AE4} = {57E8916B-095C-473C-850E-AF3C980C2304}
		{F2955541-1C4A-4DD6-A138-59A5EAA6E586} = {625F15D5-220B-4CDC-B1CD-7D02DB752181}
	EndGlobalSection
	GlobalSection(ExtensibilityGlobals) = postSolution
		SolutionGuid = {3509CF7D-9A8C-4ADA-B7DB-DE15F998E9E7}
	EndGlobalSection
EndGlobal
