
Microsoft Visual Studio Solution File, Format Version 12.00
# Visual Studio Version 17
VisualStudioVersion = 17.9.34607.119
MinimumVisualStudioVersion = 10.0.40219.1
Project("{2150E333-8FDC-42A3-9474-1A3956D46DE8}") = "Chapter01", "Chapter01", "{E3385A55-CD76-458D-B26E-7C9AA250760B}"
EndProject
Project("{FAE04EC0-301F-11D3-BF4B-00C04F79EFBC}") = "ProductSample", "Chapter01\ProductSample\ProductSample.csproj", "{644846F4-FF4A-4EA7-8C16-4B47A447417A}"
EndProject
Project("{FAE04EC0-301F-11D3-BF4B-00C04F79EFBC}") = "Sample_p38", "Chapter01\Sample_p38\Sample_p38.csproj", "{45F63FC8-EDFE-4287-8B2D-C93017CD6BC7}"
EndProject
Project("{2150E333-8FDC-42A3-9474-1A3956D46DE8}") = "Chapter02", "Chapter02", "{FB73DCC2-1EAD-42E7-B2B9-EA43ADE7808D}"
EndProject
Project("{2150E333-8FDC-42A3-9474-1A3956D46DE8}") = "距離換算プログラム", "距離換算プログラム", "{C5BB4EC7-C67D-49CE-BA3B-025AF99CB002}"
EndProject
Project("{FAE04EC0-301F-11D3-BF4B-00C04F79EFBC}") = "DistanceConverter", "Chapter02\DistanceConverter\DistanceConverter.csproj", "{F2BCC95C-92E1-47DA-A920-81CD1E8E1CFA}"
EndProject
Project("{2150E333-8FDC-42A3-9474-1A3956D46DE8}") = "売り上げ集計プログラム", "売り上げ集計プログラム", "{7851D85E-D18A-4D0B-ACC3-3ECB7D439E1C}"
EndProject
Project("{FAE04EC0-301F-11D3-BF4B-00C04F79EFBC}") = "SalesCounter", "Chapter02\SalesCounter\SalesCounter.csproj", "{5FBF9558-5054-4D21-92EA-F35D8A9D6EF0}"
EndProject
Project("{2150E333-8FDC-42A3-9474-1A3956D46DE8}") = "#演習問題", "#演習問題", "{A115E133-5749-4B67-B7AB-09DE92A9E83A}"
EndProject
Project("{FAE04EC0-301F-11D3-BF4B-00C04F79EFBC}") = "Exercise1", "Chapter02\演習問題\Exercise1\Exercise1.csproj", "{A5151085-1048-44E1-BEC8-0EF4F1FA796A}"
EndProject
Project("{FAE04EC0-301F-11D3-BF4B-00C04F79EFBC}") = "Exercise2", "Chapter02\演習問題\Exercise2\Exercise2.csproj", "{726BF82C-964F-449B-BF2C-77CBA0A68F32}"
EndProject
Project("{2150E333-8FDC-42A3-9474-1A3956D46DE8}") = "FormApps", "FormApps", "{4E76D32A-3B09-4EB9-90F5-176C3D0AF8BE}"
EndProject
Project("{9A19103F-16F7-4668-BE54-9A1E7A4F7556}") = "BallApp", "FormApps\BallApp\BallApp.csproj", "{148A61F7-2AB3-46EA-9ED4-F0FA31A132CE}"
EndProject
Project("{2150E333-8FDC-42A3-9474-1A3956D46DE8}") = "Chapter03", "Chapter03", "{F161224B-28EA-4EF9-A199-190DCE66578F}"
EndProject
Project("{FAE04EC0-301F-11D3-BF4B-00C04F79EFBC}") = "Section01", "Chapter03\Section01\Section01.csproj", "{0CBB8437-7631-45F5-BC65-5EF475E8C598}"
EndProject
Project("{2150E333-8FDC-42A3-9474-1A3956D46DE8}") = "演習問題", "演習問題", "{57E8916B-095C-473C-850E-AF3C980C2304}"
EndProject
Project("{FAE04EC0-301F-11D3-BF4B-00C04F79EFBC}") = "Exercise01", "Chapter03\演習問題\Exercise01\Exercise01.csproj", "{F6FC1B83-4137-4AB3-8CE5-159A82EAA36D}"
EndProject
Project("{FAE04EC0-301F-11D3-BF4B-00C04F79EFBC}") = "Exercise02", "Chapter03\演習問題\Exercise02\Exercise02.csproj", "{4A6D8A3C-8C49-4699-A468-2C8FDB912AE4}"
EndProject
Project("{2150E333-8FDC-42A3-9474-1A3956D46DE8}") = "Chapter04", "Chapter04", "{625F15D5-220B-4CDC-B1CD-7D02DB752181}"
EndProject
Project("{FAE04EC0-301F-11D3-BF4B-00C04F79EFBC}") = "Section01", "Chapter04\Section01\Section01.csproj", "{F2955541-1C4A-4DD6-A138-59A5EAA6E586}"
EndProject
Project("{2150E333-8FDC-42A3-9474-1A3956D46DE8}") = "演習問題", "演習問題", "{C1D4A5EF-BA2C-4C80-B2F8-5A6948E22D55}"
EndProject
Project("{FAE04EC0-301F-11D3-BF4B-00C04F79EFBC}") = "Exercise01", "Chapter04\演習問題\Execise01\Exercise01.csproj", "{0FEC2339-5B4B-41CD-85DC-CEF950D904B9}"
EndProject
Project("{FAE04EC0-301F-11D3-BF4B-00C04F79EFBC}") = "Exercise02", "Chapter04\演習問題\Exercise02\Exercise02.csproj", "{C0F7F97B-3BA7-462B-9253-37EEC7F73877}"
EndProject
Project("{2150E333-8FDC-42A3-9474-1A3956D46DE8}") = "Chapter05", "Chapter05", "{FE927FD6-F074-4A9A-A27C-671423183084}"
EndProject
Project("{2150E333-8FDC-42A3-9474-1A3956D46DE8}") = "演習問題", "演習問題", "{B5EE239F-70D8-478C-BE0F-D7000730794D}"
EndProject
Project("{FAE04EC0-301F-11D3-BF4B-00C04F79EFBC}") = "Exercise01", "Chapter05\演習問題\Exercise01\Exercise01.csproj", "{928FA50B-F9D7-49D6-8E88-7AD18774F445}"
EndProject
Project("{FAE04EC0-301F-11D3-BF4B-00C04F79EFBC}") = "Exercise02", "Chapter05\演習問題\Exercise02\Exercise02.csproj", "{F9593B1F-2C45-434C-8850-C065F1FA83C5}"
EndProject
Project("{FAE04EC0-301F-11D3-BF4B-00C04F79EFBC}") = "Exercise03", "Chapter05\演習問題\Exercise03\Exercise03.csproj", "{F748B35F-B300-497C-B80E-0D90E39E7ED4}"
EndProject
Project("{FAE04EC0-301F-11D3-BF4B-00C04F79EFBC}") = "Exercise04", "Chapter05\演習問題\Exercise04\Exercise04\Exercise04.csproj", "{DA8A913A-775F-43EA-A053-3151EF9E2C37}"
EndProject
Project("{2150E333-8FDC-42A3-9474-1A3956D46DE8}") = "Chapter06", "Chapter06", "{61A74BBC-DCED-4BDE-A773-94DEBAD16019}"
EndProject
Project("{FAE04EC0-301F-11D3-BF4B-00C04F79EFBC}") = "Section01", "Chapter06\Section01\Section01.csproj", "{05DB5E84-F0F6-4370-8691-ACABF083ABE0}"
EndProject
Project("{2150E333-8FDC-42A3-9474-1A3956D46DE8}") = "演習問題", "演習問題", "{9C119650-247F-44BC-B9B1-5D19223C448E}"
EndProject
Project("{FAE04EC0-301F-11D3-BF4B-00C04F79EFBC}") = "Exercise01", "Chapter06\演習問題\Exercise01\Exercise01.csproj", "{E84C2A48-5F2D-421F-BCFB-AABD3E642F7D}"
EndProject
Project("{FAE04EC0-301F-11D3-BF4B-00C04F79EFBC}") = "Exercise02", "Chapter06\演習問題\Exercise02\Exercise02.csproj", "{37356FCF-E627-43BE-B66D-CF916D993260}"
EndProject
Project("{2150E333-8FDC-42A3-9474-1A3956D46DE8}") = "Chapter07", "Chapter07", "{F33946C2-54B5-4FAD-B5DF-0D35CF23DB2B}"
EndProject
Project("{FAE04EC0-301F-11D3-BF4B-00C04F79EFBC}") = "Section01", "Chapter07\Section01\Section01.csproj", "{872FE8AE-857A-4F02-AF83-B80EB468DE79}"
EndProject
Project("{FAE04EC0-301F-11D3-BF4B-00C04F79EFBC}") = "Section02", "Chapter07\Section02\Section02.csproj", "{56A30F9B-3182-4D5A-BEDE-E7C328A672EF}"
EndProject
Project("{2150E333-8FDC-42A3-9474-1A3956D46DE8}") = "Test2406", "Test2406", "{86D553E1-CB8A-4FA7-A54A-7CA5BB03ED10}"
EndProject
Project("{FAE04EC0-301F-11D3-BF4B-00C04F79EFBC}") = "Test01", "TestProject\Test01\Test01.csproj", "{2BFACDC3-F44D-4199-8498-F5C3C4AC0335}"
EndProject
Project("{FAE04EC0-301F-11D3-BF4B-00C04F79EFBC}") = "Test02", "TestProject\Test02\Test02.csproj", "{E461C0A8-8900-485C-B520-E929BA33F712}"
EndProject
Global
	GlobalSection(SolutionConfigurationPlatforms) = preSolution
		Debug|Any CPU = Debug|Any CPU
		Debug|x86 = Debug|x86
		Release|Any CPU = Release|Any CPU
		Release|x86 = Release|x86
	EndGlobalSection
	GlobalSection(ProjectConfigurationPlatforms) = postSolution
		{644846F4-FF4A-4EA7-8C16-4B47A447417A}.Debug|Any CPU.ActiveCfg = Debug|Any CPU
		{644846F4-FF4A-4EA7-8C16-4B47A447417A}.Debug|Any CPU.Build.0 = Debug|Any CPU
		{644846F4-FF4A-4EA7-8C16-4B47A447417A}.Debug|x86.ActiveCfg = Debug|Any CPU
		{644846F4-FF4A-4EA7-8C16-4B47A447417A}.Debug|x86.Build.0 = Debug|Any CPU
		{644846F4-FF4A-4EA7-8C16-4B47A447417A}.Release|Any CPU.ActiveCfg = Release|Any CPU
		{644846F4-FF4A-4EA7-8C16-4B47A447417A}.Release|Any CPU.Build.0 = Release|Any CPU
		{644846F4-FF4A-4EA7-8C16-4B47A447417A}.Release|x86.ActiveCfg = Release|Any CPU
		{644846F4-FF4A-4EA7-8C16-4B47A447417A}.Release|x86.Build.0 = Release|Any CPU
		{45F63FC8-EDFE-4287-8B2D-C93017CD6BC7}.Debug|Any CPU.ActiveCfg = Debug|Any CPU
		{45F63FC8-EDFE-4287-8B2D-C93017CD6BC7}.Debug|Any CPU.Build.0 = Debug|Any CPU
		{45F63FC8-EDFE-4287-8B2D-C93017CD6BC7}.Debug|x86.ActiveCfg = Debug|Any CPU
		{45F63FC8-EDFE-4287-8B2D-C93017CD6BC7}.Debug|x86.Build.0 = Debug|Any CPU
		{45F63FC8-EDFE-4287-8B2D-C93017CD6BC7}.Release|Any CPU.ActiveCfg = Release|Any CPU
		{45F63FC8-EDFE-4287-8B2D-C93017CD6BC7}.Release|Any CPU.Build.0 = Release|Any CPU
		{45F63FC8-EDFE-4287-8B2D-C93017CD6BC7}.Release|x86.ActiveCfg = Release|Any CPU
		{45F63FC8-EDFE-4287-8B2D-C93017CD6BC7}.Release|x86.Build.0 = Release|Any CPU
		{F2BCC95C-92E1-47DA-A920-81CD1E8E1CFA}.Debug|Any CPU.ActiveCfg = Debug|Any CPU
		{F2BCC95C-92E1-47DA-A920-81CD1E8E1CFA}.Debug|Any CPU.Build.0 = Debug|Any CPU
		{F2BCC95C-92E1-47DA-A920-81CD1E8E1CFA}.Debug|x86.ActiveCfg = Debug|Any CPU
		{F2BCC95C-92E1-47DA-A920-81CD1E8E1CFA}.Debug|x86.Build.0 = Debug|Any CPU
		{F2BCC95C-92E1-47DA-A920-81CD1E8E1CFA}.Release|Any CPU.ActiveCfg = Release|Any CPU
		{F2BCC95C-92E1-47DA-A920-81CD1E8E1CFA}.Release|Any CPU.Build.0 = Release|Any CPU
		{F2BCC95C-92E1-47DA-A920-81CD1E8E1CFA}.Release|x86.ActiveCfg = Release|Any CPU
		{F2BCC95C-92E1-47DA-A920-81CD1E8E1CFA}.Release|x86.Build.0 = Release|Any CPU
		{5FBF9558-5054-4D21-92EA-F35D8A9D6EF0}.Debug|Any CPU.ActiveCfg = Debug|Any CPU
		{5FBF9558-5054-4D21-92EA-F35D8A9D6EF0}.Debug|Any CPU.Build.0 = Debug|Any CPU
		{5FBF9558-5054-4D21-92EA-F35D8A9D6EF0}.Debug|x86.ActiveCfg = Debug|Any CPU
		{5FBF9558-5054-4D21-92EA-F35D8A9D6EF0}.Debug|x86.Build.0 = Debug|Any CPU
		{5FBF9558-5054-4D21-92EA-F35D8A9D6EF0}.Release|Any CPU.ActiveCfg = Release|Any CPU
		{5FBF9558-5054-4D21-92EA-F35D8A9D6EF0}.Release|Any CPU.Build.0 = Release|Any CPU
		{5FBF9558-5054-4D21-92EA-F35D8A9D6EF0}.Release|x86.ActiveCfg = Release|Any CPU
		{5FBF9558-5054-4D21-92EA-F35D8A9D6EF0}.Release|x86.Build.0 = Release|Any CPU
		{A5151085-1048-44E1-BEC8-0EF4F1FA796A}.Debug|Any CPU.ActiveCfg = Debug|Any CPU
		{A5151085-1048-44E1-BEC8-0EF4F1FA796A}.Debug|Any CPU.Build.0 = Debug|Any CPU
		{A5151085-1048-44E1-BEC8-0EF4F1FA796A}.Debug|x86.ActiveCfg = Debug|Any CPU
		{A5151085-1048-44E1-BEC8-0EF4F1FA796A}.Debug|x86.Build.0 = Debug|Any CPU
		{A5151085-1048-44E1-BEC8-0EF4F1FA796A}.Release|Any CPU.ActiveCfg = Release|Any CPU
		{A5151085-1048-44E1-BEC8-0EF4F1FA796A}.Release|Any CPU.Build.0 = Release|Any CPU
		{A5151085-1048-44E1-BEC8-0EF4F1FA796A}.Release|x86.ActiveCfg = Release|Any CPU
		{A5151085-1048-44E1-BEC8-0EF4F1FA796A}.Release|x86.Build.0 = Release|Any CPU
		{726BF82C-964F-449B-BF2C-77CBA0A68F32}.Debug|Any CPU.ActiveCfg = Debug|Any CPU
		{726BF82C-964F-449B-BF2C-77CBA0A68F32}.Debug|Any CPU.Build.0 = Debug|Any CPU
		{726BF82C-964F-449B-BF2C-77CBA0A68F32}.Debug|x86.ActiveCfg = Debug|Any CPU
		{726BF82C-964F-449B-BF2C-77CBA0A68F32}.Debug|x86.Build.0 = Debug|Any CPU
		{726BF82C-964F-449B-BF2C-77CBA0A68F32}.Release|Any CPU.ActiveCfg = Release|Any CPU
		{726BF82C-964F-449B-BF2C-77CBA0A68F32}.Release|Any CPU.Build.0 = Release|Any CPU
		{726BF82C-964F-449B-BF2C-77CBA0A68F32}.Release|x86.ActiveCfg = Release|Any CPU
		{726BF82C-964F-449B-BF2C-77CBA0A68F32}.Release|x86.Build.0 = Release|Any CPU
		{148A61F7-2AB3-46EA-9ED4-F0FA31A132CE}.Debug|Any CPU.ActiveCfg = Debug|Any CPU
		{148A61F7-2AB3-46EA-9ED4-F0FA31A132CE}.Debug|Any CPU.Build.0 = Debug|Any CPU
		{148A61F7-2AB3-46EA-9ED4-F0FA31A132CE}.Debug|x86.ActiveCfg = Debug|Any CPU
		{148A61F7-2AB3-46EA-9ED4-F0FA31A132CE}.Debug|x86.Build.0 = Debug|Any CPU
		{148A61F7-2AB3-46EA-9ED4-F0FA31A132CE}.Release|Any CPU.ActiveCfg = Release|Any CPU
		{148A61F7-2AB3-46EA-9ED4-F0FA31A132CE}.Release|Any CPU.Build.0 = Release|Any CPU
		{148A61F7-2AB3-46EA-9ED4-F0FA31A132CE}.Release|x86.ActiveCfg = Release|Any CPU
		{148A61F7-2AB3-46EA-9ED4-F0FA31A132CE}.Release|x86.Build.0 = Release|Any CPU
		{0CBB8437-7631-45F5-BC65-5EF475E8C598}.Debug|Any CPU.ActiveCfg = Debug|Any CPU
		{0CBB8437-7631-45F5-BC65-5EF475E8C598}.Debug|Any CPU.Build.0 = Debug|Any CPU
		{0CBB8437-7631-45F5-BC65-5EF475E8C598}.Debug|x86.ActiveCfg = Debug|Any CPU
		{0CBB8437-7631-45F5-BC65-5EF475E8C598}.Debug|x86.Build.0 = Debug|Any CPU
		{0CBB8437-7631-45F5-BC65-5EF475E8C598}.Release|Any CPU.ActiveCfg = Release|Any CPU
		{0CBB8437-7631-45F5-BC65-5EF475E8C598}.Release|Any CPU.Build.0 = Release|Any CPU
		{0CBB8437-7631-45F5-BC65-5EF475E8C598}.Release|x86.ActiveCfg = Release|Any CPU
		{0CBB8437-7631-45F5-BC65-5EF475E8C598}.Release|x86.Build.0 = Release|Any CPU
		{F6FC1B83-4137-4AB3-8CE5-159A82EAA36D}.Debug|Any CPU.ActiveCfg = Debug|Any CPU
		{F6FC1B83-4137-4AB3-8CE5-159A82EAA36D}.Debug|Any CPU.Build.0 = Debug|Any CPU
		{F6FC1B83-4137-4AB3-8CE5-159A82EAA36D}.Debug|x86.ActiveCfg = Debug|Any CPU
		{F6FC1B83-4137-4AB3-8CE5-159A82EAA36D}.Debug|x86.Build.0 = Debug|Any CPU
		{F6FC1B83-4137-4AB3-8CE5-159A82EAA36D}.Release|Any CPU.ActiveCfg = Release|Any CPU
		{F6FC1B83-4137-4AB3-8CE5-159A82EAA36D}.Release|Any CPU.Build.0 = Release|Any CPU
		{F6FC1B83-4137-4AB3-8CE5-159A82EAA36D}.Release|x86.ActiveCfg = Release|Any CPU
		{F6FC1B83-4137-4AB3-8CE5-159A82EAA36D}.Release|x86.Build.0 = Release|Any CPU
		{4A6D8A3C-8C49-4699-A468-2C8FDB912AE4}.Debug|Any CPU.ActiveCfg = Debug|Any CPU
		{4A6D8A3C-8C49-4699-A468-2C8FDB912AE4}.Debug|Any CPU.Build.0 = Debug|Any CPU
		{4A6D8A3C-8C49-4699-A468-2C8FDB912AE4}.Debug|x86.ActiveCfg = Debug|Any CPU
		{4A6D8A3C-8C49-4699-A468-2C8FDB912AE4}.Debug|x86.Build.0 = Debug|Any CPU
		{4A6D8A3C-8C49-4699-A468-2C8FDB912AE4}.Release|Any CPU.ActiveCfg = Release|Any CPU
		{4A6D8A3C-8C49-4699-A468-2C8FDB912AE4}.Release|Any CPU.Build.0 = Release|Any CPU
		{4A6D8A3C-8C49-4699-A468-2C8FDB912AE4}.Release|x86.ActiveCfg = Release|Any CPU
		{4A6D8A3C-8C49-4699-A468-2C8FDB912AE4}.Release|x86.Build.0 = Release|Any CPU
		{F2955541-1C4A-4DD6-A138-59A5EAA6E586}.Debug|Any CPU.ActiveCfg = Debug|Any CPU
		{F2955541-1C4A-4DD6-A138-59A5EAA6E586}.Debug|Any CPU.Build.0 = Debug|Any CPU
		{F2955541-1C4A-4DD6-A138-59A5EAA6E586}.Debug|x86.ActiveCfg = Debug|Any CPU
		{F2955541-1C4A-4DD6-A138-59A5EAA6E586}.Debug|x86.Build.0 = Debug|Any CPU
		{F2955541-1C4A-4DD6-A138-59A5EAA6E586}.Release|Any CPU.ActiveCfg = Release|Any CPU
		{F2955541-1C4A-4DD6-A138-59A5EAA6E586}.Release|Any CPU.Build.0 = Release|Any CPU
		{F2955541-1C4A-4DD6-A138-59A5EAA6E586}.Release|x86.ActiveCfg = Release|Any CPU
		{F2955541-1C4A-4DD6-A138-59A5EAA6E586}.Release|x86.Build.0 = Release|Any CPU
		{0FEC2339-5B4B-41CD-85DC-CEF950D904B9}.Debug|Any CPU.ActiveCfg = Debug|Any CPU
		{0FEC2339-5B4B-41CD-85DC-CEF950D904B9}.Debug|Any CPU.Build.0 = Debug|Any CPU
		{0FEC2339-5B4B-41CD-85DC-CEF950D904B9}.Debug|x86.ActiveCfg = Debug|Any CPU
		{0FEC2339-5B4B-41CD-85DC-CEF950D904B9}.Debug|x86.Build.0 = Debug|Any CPU
		{0FEC2339-5B4B-41CD-85DC-CEF950D904B9}.Release|Any CPU.ActiveCfg = Release|Any CPU
		{0FEC2339-5B4B-41CD-85DC-CEF950D904B9}.Release|Any CPU.Build.0 = Release|Any CPU
		{0FEC2339-5B4B-41CD-85DC-CEF950D904B9}.Release|x86.ActiveCfg = Release|Any CPU
		{0FEC2339-5B4B-41CD-85DC-CEF950D904B9}.Release|x86.Build.0 = Release|Any CPU
		{C0F7F97B-3BA7-462B-9253-37EEC7F73877}.Debug|Any CPU.ActiveCfg = Debug|Any CPU
		{C0F7F97B-3BA7-462B-9253-37EEC7F73877}.Debug|Any CPU.Build.0 = Debug|Any CPU
		{C0F7F97B-3BA7-462B-9253-37EEC7F73877}.Debug|x86.ActiveCfg = Debug|Any CPU
		{C0F7F97B-3BA7-462B-9253-37EEC7F73877}.Debug|x86.Build.0 = Debug|Any CPU
		{C0F7F97B-3BA7-462B-9253-37EEC7F73877}.Release|Any CPU.ActiveCfg = Release|Any CPU
		{C0F7F97B-3BA7-462B-9253-37EEC7F73877}.Release|Any CPU.Build.0 = Release|Any CPU
		{C0F7F97B-3BA7-462B-9253-37EEC7F73877}.Release|x86.ActiveCfg = Release|Any CPU
		{C0F7F97B-3BA7-462B-9253-37EEC7F73877}.Release|x86.Build.0 = Release|Any CPU
		{928FA50B-F9D7-49D6-8E88-7AD18774F445}.Debug|Any CPU.ActiveCfg = Debug|Any CPU
		{928FA50B-F9D7-49D6-8E88-7AD18774F445}.Debug|Any CPU.Build.0 = Debug|Any CPU
		{928FA50B-F9D7-49D6-8E88-7AD18774F445}.Debug|x86.ActiveCfg = Debug|Any CPU
		{928FA50B-F9D7-49D6-8E88-7AD18774F445}.Debug|x86.Build.0 = Debug|Any CPU
		{928FA50B-F9D7-49D6-8E88-7AD18774F445}.Release|Any CPU.ActiveCfg = Release|Any CPU
		{928FA50B-F9D7-49D6-8E88-7AD18774F445}.Release|Any CPU.Build.0 = Release|Any CPU
		{928FA50B-F9D7-49D6-8E88-7AD18774F445}.Release|x86.ActiveCfg = Release|Any CPU
		{928FA50B-F9D7-49D6-8E88-7AD18774F445}.Release|x86.Build.0 = Release|Any CPU
		{F9593B1F-2C45-434C-8850-C065F1FA83C5}.Debug|Any CPU.ActiveCfg = Debug|Any CPU
		{F9593B1F-2C45-434C-8850-C065F1FA83C5}.Debug|Any CPU.Build.0 = Debug|Any CPU
		{F9593B1F-2C45-434C-8850-C065F1FA83C5}.Debug|x86.ActiveCfg = Debug|Any CPU
		{F9593B1F-2C45-434C-8850-C065F1FA83C5}.Debug|x86.Build.0 = Debug|Any CPU
		{F9593B1F-2C45-434C-8850-C065F1FA83C5}.Release|Any CPU.ActiveCfg = Release|Any CPU
		{F9593B1F-2C45-434C-8850-C065F1FA83C5}.Release|Any CPU.Build.0 = Release|Any CPU
		{F9593B1F-2C45-434C-8850-C065F1FA83C5}.Release|x86.ActiveCfg = Release|Any CPU
		{F9593B1F-2C45-434C-8850-C065F1FA83C5}.Release|x86.Build.0 = Release|Any CPU
		{F748B35F-B300-497C-B80E-0D90E39E7ED4}.Debug|Any CPU.ActiveCfg = Debug|Any CPU
		{F748B35F-B300-497C-B80E-0D90E39E7ED4}.Debug|Any CPU.Build.0 = Debug|Any CPU
		{F748B35F-B300-497C-B80E-0D90E39E7ED4}.Debug|x86.ActiveCfg = Debug|Any CPU
		{F748B35F-B300-497C-B80E-0D90E39E7ED4}.Debug|x86.Build.0 = Debug|Any CPU
		{F748B35F-B300-497C-B80E-0D90E39E7ED4}.Release|Any CPU.ActiveCfg = Release|Any CPU
		{F748B35F-B300-497C-B80E-0D90E39E7ED4}.Release|Any CPU.Build.0 = Release|Any CPU
		{F748B35F-B300-497C-B80E-0D90E39E7ED4}.Release|x86.ActiveCfg = Release|Any CPU
		{F748B35F-B300-497C-B80E-0D90E39E7ED4}.Release|x86.Build.0 = Release|Any CPU
		{DA8A913A-775F-43EA-A053-3151EF9E2C37}.Debug|Any CPU.ActiveCfg = Debug|Any CPU
		{DA8A913A-775F-43EA-A053-3151EF9E2C37}.Debug|Any CPU.Build.0 = Debug|Any CPU
		{DA8A913A-775F-43EA-A053-3151EF9E2C37}.Debug|x86.ActiveCfg = Debug|Any CPU
		{DA8A913A-775F-43EA-A053-3151EF9E2C37}.Debug|x86.Build.0 = Debug|Any CPU
		{DA8A913A-775F-43EA-A053-3151EF9E2C37}.Release|Any CPU.ActiveCfg = Release|Any CPU
		{DA8A913A-775F-43EA-A053-3151EF9E2C37}.Release|Any CPU.Build.0 = Release|Any CPU
		{DA8A913A-775F-43EA-A053-3151EF9E2C37}.Release|x86.ActiveCfg = Release|Any CPU
		{DA8A913A-775F-43EA-A053-3151EF9E2C37}.Release|x86.Build.0 = Release|Any CPU
		{05DB5E84-F0F6-4370-8691-ACABF083ABE0}.Debug|Any CPU.ActiveCfg = Debug|Any CPU
		{05DB5E84-F0F6-4370-8691-ACABF083ABE0}.Debug|Any CPU.Build.0 = Debug|Any CPU
		{05DB5E84-F0F6-4370-8691-ACABF083ABE0}.Debug|x86.ActiveCfg = Debug|Any CPU
		{05DB5E84-F0F6-4370-8691-ACABF083ABE0}.Debug|x86.Build.0 = Debug|Any CPU
		{05DB5E84-F0F6-4370-8691-ACABF083ABE0}.Release|Any CPU.ActiveCfg = Release|Any CPU
		{05DB5E84-F0F6-4370-8691-ACABF083ABE0}.Release|Any CPU.Build.0 = Release|Any CPU
		{05DB5E84-F0F6-4370-8691-ACABF083ABE0}.Release|x86.ActiveCfg = Release|Any CPU
		{05DB5E84-F0F6-4370-8691-ACABF083ABE0}.Release|x86.Build.0 = Release|Any CPU
		{E84C2A48-5F2D-421F-BCFB-AABD3E642F7D}.Debug|Any CPU.ActiveCfg = Debug|Any CPU
		{E84C2A48-5F2D-421F-BCFB-AABD3E642F7D}.Debug|Any CPU.Build.0 = Debug|Any CPU
		{E84C2A48-5F2D-421F-BCFB-AABD3E642F7D}.Debug|x86.ActiveCfg = Debug|Any CPU
		{E84C2A48-5F2D-421F-BCFB-AABD3E642F7D}.Debug|x86.Build.0 = Debug|Any CPU
		{E84C2A48-5F2D-421F-BCFB-AABD3E642F7D}.Release|Any CPU.ActiveCfg = Release|Any CPU
		{E84C2A48-5F2D-421F-BCFB-AABD3E642F7D}.Release|Any CPU.Build.0 = Release|Any CPU
		{E84C2A48-5F2D-421F-BCFB-AABD3E642F7D}.Release|x86.ActiveCfg = Release|Any CPU
		{E84C2A48-5F2D-421F-BCFB-AABD3E642F7D}.Release|x86.Build.0 = Release|Any CPU
		{37356FCF-E627-43BE-B66D-CF916D993260}.Debug|Any CPU.ActiveCfg = Debug|Any CPU
		{37356FCF-E627-43BE-B66D-CF916D993260}.Debug|Any CPU.Build.0 = Debug|Any CPU
		{37356FCF-E627-43BE-B66D-CF916D993260}.Debug|x86.ActiveCfg = Debug|Any CPU
		{37356FCF-E627-43BE-B66D-CF916D993260}.Debug|x86.Build.0 = Debug|Any CPU
		{37356FCF-E627-43BE-B66D-CF916D993260}.Release|Any CPU.ActiveCfg = Release|Any CPU
		{37356FCF-E627-43BE-B66D-CF916D993260}.Release|Any CPU.Build.0 = Release|Any CPU
		{37356FCF-E627-43BE-B66D-CF916D993260}.Release|x86.ActiveCfg = Release|Any CPU
		{37356FCF-E627-43BE-B66D-CF916D993260}.Release|x86.Build.0 = Release|Any CPU
		{872FE8AE-857A-4F02-AF83-B80EB468DE79}.Debug|Any CPU.ActiveCfg = Debug|Any CPU
		{872FE8AE-857A-4F02-AF83-B80EB468DE79}.Debug|Any CPU.Build.0 = Debug|Any CPU
		{872FE8AE-857A-4F02-AF83-B80EB468DE79}.Debug|x86.ActiveCfg = Debug|Any CPU
		{872FE8AE-857A-4F02-AF83-B80EB468DE79}.Debug|x86.Build.0 = Debug|Any CPU
		{872FE8AE-857A-4F02-AF83-B80EB468DE79}.Release|Any CPU.ActiveCfg = Release|Any CPU
		{872FE8AE-857A-4F02-AF83-B80EB468DE79}.Release|Any CPU.Build.0 = Release|Any CPU
		{872FE8AE-857A-4F02-AF83-B80EB468DE79}.Release|x86.ActiveCfg = Release|Any CPU
		{872FE8AE-857A-4F02-AF83-B80EB468DE79}.Release|x86.Build.0 = Release|Any CPU
		{56A30F9B-3182-4D5A-BEDE-E7C328A672EF}.Debug|Any CPU.ActiveCfg = Debug|Any CPU
		{56A30F9B-3182-4D5A-BEDE-E7C328A672EF}.Debug|Any CPU.Build.0 = Debug|Any CPU
		{56A30F9B-3182-4D5A-BEDE-E7C328A672EF}.Debug|x86.ActiveCfg = Debug|Any CPU
		{56A30F9B-3182-4D5A-BEDE-E7C328A672EF}.Debug|x86.Build.0 = Debug|Any CPU
		{56A30F9B-3182-4D5A-BEDE-E7C328A672EF}.Release|Any CPU.ActiveCfg = Release|Any CPU
		{56A30F9B-3182-4D5A-BEDE-E7C328A672EF}.Release|Any CPU.Build.0 = Release|Any CPU
		{56A30F9B-3182-4D5A-BEDE-E7C328A672EF}.Release|x86.ActiveCfg = Release|Any CPU
		{56A30F9B-3182-4D5A-BEDE-E7C328A672EF}.Release|x86.Build.0 = Release|Any CPU
		{2BFACDC3-F44D-4199-8498-F5C3C4AC0335}.Debug|Any CPU.ActiveCfg = Debug|Any CPU
		{2BFACDC3-F44D-4199-8498-F5C3C4AC0335}.Debug|Any CPU.Build.0 = Debug|Any CPU
		{2BFACDC3-F44D-4199-8498-F5C3C4AC0335}.Debug|x86.ActiveCfg = Debug|Any CPU
		{2BFACDC3-F44D-4199-8498-F5C3C4AC0335}.Debug|x86.Build.0 = Debug|Any CPU
		{2BFACDC3-F44D-4199-8498-F5C3C4AC0335}.Release|Any CPU.ActiveCfg = Release|Any CPU
		{2BFACDC3-F44D-4199-8498-F5C3C4AC0335}.Release|Any CPU.Build.0 = Release|Any CPU
		{2BFACDC3-F44D-4199-8498-F5C3C4AC0335}.Release|x86.ActiveCfg = Release|Any CPU
		{2BFACDC3-F44D-4199-8498-F5C3C4AC0335}.Release|x86.Build.0 = Release|Any CPU
		{E461C0A8-8900-485C-B520-E929BA33F712}.Debug|Any CPU.ActiveCfg = Debug|Any CPU
		{E461C0A8-8900-485C-B520-E929BA33F712}.Debug|Any CPU.Build.0 = Debug|Any CPU
		{E461C0A8-8900-485C-B520-E929BA33F712}.Debug|x86.ActiveCfg = Debug|Any CPU
		{E461C0A8-8900-485C-B520-E929BA33F712}.Debug|x86.Build.0 = Debug|Any CPU
		{E461C0A8-8900-485C-B520-E929BA33F712}.Release|Any CPU.ActiveCfg = Release|Any CPU
		{E461C0A8-8900-485C-B520-E929BA33F712}.Release|Any CPU.Build.0 = Release|Any CPU
		{E461C0A8-8900-485C-B520-E929BA33F712}.Release|x86.ActiveCfg = Release|Any CPU
		{E461C0A8-8900-485C-B520-E929BA33F712}.Release|x86.Build.0 = Release|Any CPU
	EndGlobalSection
	GlobalSection(SolutionProperties) = preSolution
		HideSolutionNode = FALSE
	EndGlobalSection
	GlobalSection(NestedProjects) = preSolution
		{644846F4-FF4A-4EA7-8C16-4B47A447417A} = {E3385A55-CD76-458D-B26E-7C9AA250760B}
		{45F63FC8-EDFE-4287-8B2D-C93017CD6BC7} = {E3385A55-CD76-458D-B26E-7C9AA250760B}
		{C5BB4EC7-C67D-49CE-BA3B-025AF99CB002} = {FB73DCC2-1EAD-42E7-B2B9-EA43ADE7808D}
		{F2BCC95C-92E1-47DA-A920-81CD1E8E1CFA} = {C5BB4EC7-C67D-49CE-BA3B-025AF99CB002}
		{7851D85E-D18A-4D0B-ACC3-3ECB7D439E1C} = {FB73DCC2-1EAD-42E7-B2B9-EA43ADE7808D}
		{5FBF9558-5054-4D21-92EA-F35D8A9D6EF0} = {7851D85E-D18A-4D0B-ACC3-3ECB7D439E1C}
		{A115E133-5749-4B67-B7AB-09DE92A9E83A} = {FB73DCC2-1EAD-42E7-B2B9-EA43ADE7808D}
		{A5151085-1048-44E1-BEC8-0EF4F1FA796A} = {A115E133-5749-4B67-B7AB-09DE92A9E83A}
		{726BF82C-964F-449B-BF2C-77CBA0A68F32} = {A115E133-5749-4B67-B7AB-09DE92A9E83A}
		{148A61F7-2AB3-46EA-9ED4-F0FA31A132CE} = {4E76D32A-3B09-4EB9-90F5-176C3D0AF8BE}
		{0CBB8437-7631-45F5-BC65-5EF475E8C598} = {F161224B-28EA-4EF9-A199-190DCE66578F}
		{57E8916B-095C-473C-850E-AF3C980C2304} = {F161224B-28EA-4EF9-A199-190DCE66578F}
		{F6FC1B83-4137-4AB3-8CE5-159A82EAA36D} = {57E8916B-095C-473C-850E-AF3C980C2304}
		{4A6D8A3C-8C49-4699-A468-2C8FDB912AE4} = {57E8916B-095C-473C-850E-AF3C980C2304}
		{F2955541-1C4A-4DD6-A138-59A5EAA6E586} = {625F15D5-220B-4CDC-B1CD-7D02DB752181}
		{C1D4A5EF-BA2C-4C80-B2F8-5A6948E22D55} = {625F15D5-220B-4CDC-B1CD-7D02DB752181}
		{0FEC2339-5B4B-41CD-85DC-CEF950D904B9} = {C1D4A5EF-BA2C-4C80-B2F8-5A6948E22D55}
		{C0F7F97B-3BA7-462B-9253-37EEC7F73877} = {C1D4A5EF-BA2C-4C80-B2F8-5A6948E22D55}
		{B5EE239F-70D8-478C-BE0F-D7000730794D} = {FE927FD6-F074-4A9A-A27C-671423183084}
		{928FA50B-F9D7-49D6-8E88-7AD18774F445} = {B5EE239F-70D8-478C-BE0F-D7000730794D}
		{F9593B1F-2C45-434C-8850-C065F1FA83C5} = {B5EE239F-70D8-478C-BE0F-D7000730794D}
		{F748B35F-B300-497C-B80E-0D90E39E7ED4} = {B5EE239F-70D8-478C-BE0F-D7000730794D}
		{DA8A913A-775F-43EA-A053-3151EF9E2C37} = {B5EE239F-70D8-478C-BE0F-D7000730794D}
		{05DB5E84-F0F6-4370-8691-ACABF083ABE0} = {61A74BBC-DCED-4BDE-A773-94DEBAD16019}
		{9C119650-247F-44BC-B9B1-5D19223C448E} = {61A74BBC-DCED-4BDE-A773-94DEBAD16019}
		{E84C2A48-5F2D-421F-BCFB-AABD3E642F7D} = {9C119650-247F-44BC-B9B1-5D19223C448E}
		{37356FCF-E627-43BE-B66D-CF916D993260} = {9C119650-247F-44BC-B9B1-5D19223C448E}
		{872FE8AE-857A-4F02-AF83-B80EB468DE79} = {F33946C2-54B5-4FAD-B5DF-0D35CF23DB2B}
		{56A30F9B-3182-4D5A-BEDE-E7C328A672EF} = {F33946C2-54B5-4FAD-B5DF-0D35CF23DB2B}
		{2BFACDC3-F44D-4199-8498-F5C3C4AC0335} = {86D553E1-CB8A-4FA7-A54A-7CA5BB03ED10}
		{E461C0A8-8900-485C-B520-E929BA33F712} = {86D553E1-CB8A-4FA7-A54A-7CA5BB03ED10}
	EndGlobalSection
	GlobalSection(ExtensibilityGlobals) = postSolution
		SolutionGuid = {3509CF7D-9A8C-4ADA-B7DB-DE15F998E9E7}
	EndGlobalSection
EndGlobal
